
Microsoft Visual Studio Solution File, Format Version 12.00
# Visual Studio Version 16
VisualStudioVersion = 16.0.31911.196
MinimumVisualStudioVersion = 10.0.40219.1
Project("{8BC9CEB8-8B4A-11D0-8D11-00A0C91BC942}") = "ex 1", "ex 1.vcxproj", "{1832F139-9FEA-45BD-B47F-AF281B478153}"
EndProject
Global
	GlobalSection(SolutionConfigurationPlatforms) = preSolution
		Debug|x64 = Debug|x64
		Debug|x86 = Debug|x86
		Release|x64 = Release|x64
		Release|x86 = Release|x86
	EndGlobalSection
	GlobalSection(ProjectConfigurationPlatforms) = postSolution
		{1832F139-9FEA-45BD-B47F-AF281B478153}.Debug|x64.ActiveCfg = Debug|x64
		{1832F139-9FEA-45BD-B47F-AF281B478153}.Debug|x64.Build.0 = Debug|x64
		{1832F139-9FEA-45BD-B47F-AF281B478153}.Debug|x86.ActiveCfg = Debug|Win32
		{1832F139-9FEA-45BD-B47F-AF281B478153}.Debug|x86.Build.0 = Debug|Win32
		{1832F139-9FEA-45BD-B47F-AF281B478153}.Release|x64.ActiveCfg = Release|x64
		{1832F139-9FEA-45BD-B47F-AF281B478153}.Release|x64.Build.0 = Release|x64
		{1832F139-9FEA-45BD-B47F-AF281B478153}.Release|x86.ActiveCfg = Release|Win32
		{1832F139-9FEA-45BD-B47F-AF281B478153}.Release|x86.Build.0 = Release|Win32
	EndGlobalSection
	GlobalSection(SolutionProperties) = preSolution
		HideSolutionNode = FALSE
	EndGlobalSection
	GlobalSection(ExtensibilityGlobals) = postSolution
		SolutionGuid = {7A8701CA-6CC7-43D8-8D6F-1D6A3484B38B}
	EndGlobalSection
EndGlobal
